
Microsoft Visual Studio Solution File, Format Version 12.00
# Visual Studio 15
VisualStudioVersion = 15.0.27130.2027
MinimumVisualStudioVersion = 10.0.40219.1
Project("{8BC9CEB8-8B4A-11D0-8D11-00A0C91BC942}") = "learncpp", "learncpp\learncpp.vcxproj", "{431E1F96-A569-47A0-9E01-3C232C540A15}"
EndProject
Global
	GlobalSection(SolutionConfigurationPlatforms) = preSolution
		Debug|x64 = Debug|x64
		Debug|x86 = Debug|x86
		Release|x64 = Release|x64
		Release|x86 = Release|x86
	EndGlobalSection
	GlobalSection(ProjectConfigurationPlatforms) = postSolution
		{431E1F96-A569-47A0-9E01-3C232C540A15}.Debug|x64.ActiveCfg = Debug|x64
		{431E1F96-A569-47A0-9E01-3C232C540A15}.Debug|x64.Build.0 = Debug|x64
		{431E1F96-A569-47A0-9E01-3C232C540A15}.Debug|x86.ActiveCfg = Debug|Win32
		{431E1F96-A569-47A0-9E01-3C232C540A15}.Debug|x86.Build.0 = Debug|Win32
		{431E1F96-A569-47A0-9E01-3C232C540A15}.Release|x64.ActiveCfg = Release|x64
		{431E1F96-A569-47A0-9E01-3C232C540A15}.Release|x64.Build.0 = Release|x64
		{431E1F96-A569-47A0-9E01-3C232C540A15}.Release|x86.ActiveCfg = Release|Win32
		{431E1F96-A569-47A0-9E01-3C232C540A15}.Release|x86.Build.0 = Release|Win32
	EndGlobalSection
	GlobalSection(SolutionProperties) = preSolution
		HideSolutionNode = FALSE
	EndGlobalSection
	GlobalSection(ExtensibilityGlobals) = postSolution
		SolutionGuid = {FA0457B8-F7B6-4D67-B5C4-8CAB8F703241}
	EndGlobalSection
EndGlobal
